
Microsoft Visual Studio Solution File, Format Version 12.00
# Visual Studio 15
VisualStudioVersion = 15.0.27428.2015
MinimumVisualStudioVersion = 10.0.40219.1
Project("{9A19103F-16F7-4668-BE54-9A1E7A4F7556}") = "FinancialVisualizationApplication", "FinancialVisualizationApplication.csproj", "{F7DAC9F9-42B5-4240-918C-DFCC99D0AF8A}"
EndProject
Global
	GlobalSection(SolutionConfigurationPlatforms) = preSolution
		Debug|Any CPU = Debug|Any CPU
		Release|Any CPU = Release|Any CPU
	EndGlobalSection
	GlobalSection(ProjectConfigurationPlatforms) = postSolution
		{F7DAC9F9-42B5-4240-918C-DFCC99D0AF8A}.Debug|Any CPU.ActiveCfg = Debug|Any CPU
		{F7DAC9F9-42B5-4240-918C-DFCC99D0AF8A}.Debug|Any CPU.Build.0 = Debug|Any CPU
		{F7DAC9F9-42B5-4240-918C-DFCC99D0AF8A}.Release|Any CPU.ActiveCfg = Release|Any CPU
		{F7DAC9F9-42B5-4240-918C-DFCC99D0AF8A}.Release|Any CPU.Build.0 = Release|Any CPU
	EndGlobalSection
	GlobalSection(SolutionProperties) = preSolution
		HideSolutionNode = FALSE
	EndGlobalSection
	GlobalSection(ExtensibilityGlobals) = postSolution
		SolutionGuid = {069AE137-1FEF-4B12-A31B-CFF3031328AC}
	EndGlobalSection
EndGlobal
